
Microsoft Visual Studio Solution File, Format Version 12.00
# Visual Studio Version 17
VisualStudioVersion = 17.5.33414.496
MinimumVisualStudioVersion = 10.0.40219.1
Project("{FAE04EC0-301F-11D3-BF4B-00C04F79EFBC}") = "MagicVilla_Api", "MagicVilla_Api\MagicVilla_Api.csproj", "{F5832ABB-0023-4B60-A2A6-EFBD2D804368}"
EndProject
Global
	GlobalSection(SolutionConfigurationPlatforms) = preSolution
		Debug|Any CPU = Debug|Any CPU
		Release|Any CPU = Release|Any CPU
	EndGlobalSection
	GlobalSection(ProjectConfigurationPlatforms) = postSolution
		{F5832ABB-0023-4B60-A2A6-EFBD2D804368}.Debug|Any CPU.ActiveCfg = Debug|Any CPU
		{F5832ABB-0023-4B60-A2A6-EFBD2D804368}.Debug|Any CPU.Build.0 = Debug|Any CPU
		{F5832ABB-0023-4B60-A2A6-EFBD2D804368}.Release|Any CPU.ActiveCfg = Release|Any CPU
		{F5832ABB-0023-4B60-A2A6-EFBD2D804368}.Release|Any CPU.Build.0 = Release|Any CPU
	EndGlobalSection
	GlobalSection(SolutionProperties) = preSolution
		HideSolutionNode = FALSE
	EndGlobalSection
	GlobalSection(ExtensibilityGlobals) = postSolution
		SolutionGuid = {D27A0F71-CDDE-4632-82AA-312B19117486}
	EndGlobalSection
EndGlobal
